// !$*UTF8*$!
{
	archiveVersion = 1;
	classes = {
	};
	objectVersion = 46;
	objects = {

/* Begin PBXBuildFile section */
		5A0E543D1DECA619003E2E42 /* JSON.framework in Frameworks */ = {isa = PBXBuildFile; fileRef = 5A0E54331DECA619003E2E42 /* JSON.framework */; };
		5A0E54501DECA679003E2E42 /* JSONTokenizer.swift in Sources */ = {isa = PBXBuildFile; fileRef = 5A0E544F1DECA679003E2E42 /* JSONTokenizer.swift */; };
		5A0E54541DECAF0D003E2E42 /* NumberParsingTest.swift in Sources */ = {isa = PBXBuildFile; fileRef = 5A0E54531DECAF0D003E2E42 /* NumberParsingTest.swift */; };
		5A0E545D1DECBBF6003E2E42 /* JSON.h in Headers */ = {isa = PBXBuildFile; fileRef = 5A0E545C1DECBBF6003E2E42 /* JSON.h */; settings = {ATTRIBUTES = (Public, ); }; };
		5A0E545F1DECCC97003E2E42 /* JSONBuilder.swift in Sources */ = {isa = PBXBuildFile; fileRef = 5A0E545E1DECCC97003E2E42 /* JSONBuilder.swift */; };
		5A0E54611DECCCD5003E2E42 /* JSON.swift in Sources */ = {isa = PBXBuildFile; fileRef = 5A0E54601DECCCD5003E2E42 /* JSON.swift */; };
		5A0E54631DECD513003E2E42 /* BuilderTest.swift in Sources */ = {isa = PBXBuildFile; fileRef = 5A0E54621DECD513003E2E42 /* BuilderTest.swift */; };
		5A0E54651DECDD98003E2E42 /* TokenizerTest.swift in Sources */ = {isa = PBXBuildFile; fileRef = 5A0E54641DECDD98003E2E42 /* TokenizerTest.swift */; };
		5A0E54691DECF773003E2E42 /* CustomStringConvertibleTest.swift in Sources */ = {isa = PBXBuildFile; fileRef = 5A0E54681DECF773003E2E42 /* CustomStringConvertibleTest.swift */; };
		5A65996F1DF90340008B8AB9 /* JSONEncodable.swift in Sources */ = {isa = PBXBuildFile; fileRef = 5A65996E1DF90340008B8AB9 /* JSONEncodable.swift */; };
		5A6599711DF9037B008B8AB9 /* JSONDecodable.swift in Sources */ = {isa = PBXBuildFile; fileRef = 5A6599701DF9037B008B8AB9 /* JSONDecodable.swift */; };
		5A6599731DF90EC8008B8AB9 /* JSONDecodableTest.swift in Sources */ = {isa = PBXBuildFile; fileRef = 5A6599721DF90EC8008B8AB9 /* JSONDecodableTest.swift */; };
		5A6599751DF9327A008B8AB9 /* ExpressibleByLiteralTest.swift in Sources */ = {isa = PBXBuildFile; fileRef = 5A6599741DF9327A008B8AB9 /* ExpressibleByLiteralTest.swift */; };
		5A6708B71DF9D981004AF9C0 /* ExistingTypeExtensions.swift in Sources */ = {isa = PBXBuildFile; fileRef = 5A6708B61DF9D981004AF9C0 /* ExistingTypeExtensions.swift */; };
		5A73A33A1DF9E27000F6B3A0 /* JSONEncodableTest.swift in Sources */ = {isa = PBXBuildFile; fileRef = 5A73A3391DF9E27000F6B3A0 /* JSONEncodableTest.swift */; };
		5A73A33C1DFA049200F6B3A0 /* SequenceTest.swift in Sources */ = {isa = PBXBuildFile; fileRef = 5A73A33B1DFA049200F6B3A0 /* SequenceTest.swift */; };
/* End PBXBuildFile section */

/* Begin PBXContainerItemProxy section */
		5A0E543E1DECA619003E2E42 /* PBXContainerItemProxy */ = {
			isa = PBXContainerItemProxy;
			containerPortal = 5A0E542A1DECA619003E2E42 /* Project object */;
			proxyType = 1;
			remoteGlobalIDString = 5A0E54321DECA619003E2E42;
			remoteInfo = JSON;
		};
/* End PBXContainerItemProxy section */

/* Begin PBXFileReference section */
		5A0E54331DECA619003E2E42 /* JSON.framework */ = {isa = PBXFileReference; explicitFileType = wrapper.framework; includeInIndex = 0; path = JSON.framework; sourceTree = BUILT_PRODUCTS_DIR; };
		5A0E54371DECA619003E2E42 /* Info.plist */ = {isa = PBXFileReference; lastKnownFileType = text.plist.xml; path = Info.plist; sourceTree = "<group>"; };
		5A0E543C1DECA619003E2E42 /* JSONTests.xctest */ = {isa = PBXFileReference; explicitFileType = wrapper.cfbundle; includeInIndex = 0; path = JSONTests.xctest; sourceTree = BUILT_PRODUCTS_DIR; };
		5A0E54431DECA619003E2E42 /* Info.plist */ = {isa = PBXFileReference; lastKnownFileType = text.plist.xml; path = Info.plist; sourceTree = "<group>"; };
		5A0E544F1DECA679003E2E42 /* JSONTokenizer.swift */ = {isa = PBXFileReference; fileEncoding = 4; lastKnownFileType = sourcecode.swift; path = JSONTokenizer.swift; sourceTree = "<group>"; };
		5A0E54531DECAF0D003E2E42 /* NumberParsingTest.swift */ = {isa = PBXFileReference; fileEncoding = 4; lastKnownFileType = sourcecode.swift; path = NumberParsingTest.swift; sourceTree = "<group>"; };
		5A0E545C1DECBBF6003E2E42 /* JSON.h */ = {isa = PBXFileReference; fileEncoding = 4; lastKnownFileType = sourcecode.c.h; path = JSON.h; sourceTree = "<group>"; };
		5A0E545E1DECCC97003E2E42 /* JSONBuilder.swift */ = {isa = PBXFileReference; fileEncoding = 4; lastKnownFileType = sourcecode.swift; path = JSONBuilder.swift; sourceTree = "<group>"; };
		5A0E54601DECCCD5003E2E42 /* JSON.swift */ = {isa = PBXFileReference; fileEncoding = 4; lastKnownFileType = sourcecode.swift; path = JSON.swift; sourceTree = "<group>"; };
		5A0E54621DECD513003E2E42 /* BuilderTest.swift */ = {isa = PBXFileReference; fileEncoding = 4; lastKnownFileType = sourcecode.swift; path = BuilderTest.swift; sourceTree = "<group>"; };
		5A0E54641DECDD98003E2E42 /* TokenizerTest.swift */ = {isa = PBXFileReference; fileEncoding = 4; lastKnownFileType = sourcecode.swift; path = TokenizerTest.swift; sourceTree = "<group>"; };
		5A0E54681DECF773003E2E42 /* CustomStringConvertibleTest.swift */ = {isa = PBXFileReference; fileEncoding = 4; lastKnownFileType = sourcecode.swift; path = CustomStringConvertibleTest.swift; sourceTree = "<group>"; };
		5A65996E1DF90340008B8AB9 /* JSONEncodable.swift */ = {isa = PBXFileReference; fileEncoding = 4; lastKnownFileType = sourcecode.swift; path = JSONEncodable.swift; sourceTree = "<group>"; };
		5A6599701DF9037B008B8AB9 /* JSONDecodable.swift */ = {isa = PBXFileReference; fileEncoding = 4; lastKnownFileType = sourcecode.swift; path = JSONDecodable.swift; sourceTree = "<group>"; };
		5A6599721DF90EC8008B8AB9 /* JSONDecodableTest.swift */ = {isa = PBXFileReference; fileEncoding = 4; lastKnownFileType = sourcecode.swift; lineEnding = 0; path = JSONDecodableTest.swift; sourceTree = "<group>"; xcLanguageSpecificationIdentifier = xcode.lang.swift; };
		5A6599741DF9327A008B8AB9 /* ExpressibleByLiteralTest.swift */ = {isa = PBXFileReference; fileEncoding = 4; lastKnownFileType = sourcecode.swift; path = ExpressibleByLiteralTest.swift; sourceTree = "<group>"; };
		5A6708B61DF9D981004AF9C0 /* ExistingTypeExtensions.swift */ = {isa = PBXFileReference; fileEncoding = 4; lastKnownFileType = sourcecode.swift; lineEnding = 0; path = ExistingTypeExtensions.swift; sourceTree = "<group>"; xcLanguageSpecificationIdentifier = xcode.lang.swift; };
		5A73A3391DF9E27000F6B3A0 /* JSONEncodableTest.swift */ = {isa = PBXFileReference; fileEncoding = 4; lastKnownFileType = sourcecode.swift; path = JSONEncodableTest.swift; sourceTree = "<group>"; };
		5A73A33B1DFA049200F6B3A0 /* SequenceTest.swift */ = {isa = PBXFileReference; fileEncoding = 4; lastKnownFileType = sourcecode.swift; path = SequenceTest.swift; sourceTree = "<group>"; };
/* End PBXFileReference section */

/* Begin PBXFrameworksBuildPhase section */
		5A0E542F1DECA619003E2E42 /* Frameworks */ = {
			isa = PBXFrameworksBuildPhase;
			buildActionMask = 2147483647;
			files = (
			);
			runOnlyForDeploymentPostprocessing = 0;
		};
		5A0E54391DECA619003E2E42 /* Frameworks */ = {
			isa = PBXFrameworksBuildPhase;
			buildActionMask = 2147483647;
			files = (
				5A0E543D1DECA619003E2E42 /* JSON.framework in Frameworks */,
			);
			runOnlyForDeploymentPostprocessing = 0;
		};
/* End PBXFrameworksBuildPhase section */

/* Begin PBXGroup section */
		5A0E54291DECA619003E2E42 = {
			isa = PBXGroup;
			children = (
				5A0E54351DECA619003E2E42 /* JSON */,
				5A0E54401DECA619003E2E42 /* JSONTests */,
				5A0E54341DECA619003E2E42 /* Products */,
			);
			sourceTree = "<group>";
		};
		5A0E54341DECA619003E2E42 /* Products */ = {
			isa = PBXGroup;
			children = (
				5A0E54331DECA619003E2E42 /* JSON.framework */,
				5A0E543C1DECA619003E2E42 /* JSONTests.xctest */,
			);
			name = Products;
			sourceTree = "<group>";
		};
		5A0E54351DECA619003E2E42 /* JSON */ = {
			isa = PBXGroup;
			children = (
				5A0E54371DECA619003E2E42 /* Info.plist */,
				5A0E545C1DECBBF6003E2E42 /* JSON.h */,
				5A6708B61DF9D981004AF9C0 /* ExistingTypeExtensions.swift */,
				5A0E54601DECCCD5003E2E42 /* JSON.swift */,
				5A0E545E1DECCC97003E2E42 /* JSONBuilder.swift */,
				5A6599701DF9037B008B8AB9 /* JSONDecodable.swift */,
				5A65996E1DF90340008B8AB9 /* JSONEncodable.swift */,
				5A0E544F1DECA679003E2E42 /* JSONTokenizer.swift */,
			);
			path = JSON;
			sourceTree = "<group>";
		};
		5A0E54401DECA619003E2E42 /* JSONTests */ = {
			isa = PBXGroup;
			children = (
				5A0E54431DECA619003E2E42 /* Info.plist */,
				5A0E54621DECD513003E2E42 /* BuilderTest.swift */,
				5A0E54681DECF773003E2E42 /* CustomStringConvertibleTest.swift */,
				5A6599741DF9327A008B8AB9 /* ExpressibleByLiteralTest.swift */,
				5A6599721DF90EC8008B8AB9 /* JSONDecodableTest.swift */,
				5A73A3391DF9E27000F6B3A0 /* JSONEncodableTest.swift */,
				5A0E54531DECAF0D003E2E42 /* NumberParsingTest.swift */,
				5A73A33B1DFA049200F6B3A0 /* SequenceTest.swift */,
				5A0E54641DECDD98003E2E42 /* TokenizerTest.swift */,
			);
			path = JSONTests;
			sourceTree = "<group>";
		};
/* End PBXGroup section */

/* Begin PBXHeadersBuildPhase section */
		5A0E54301DECA619003E2E42 /* Headers */ = {
			isa = PBXHeadersBuildPhase;
			buildActionMask = 2147483647;
			files = (
				5A0E545D1DECBBF6003E2E42 /* JSON.h in Headers */,
			);
			runOnlyForDeploymentPostprocessing = 0;
		};
/* End PBXHeadersBuildPhase section */

/* Begin PBXNativeTarget section */
		5A0E54321DECA619003E2E42 /* JSON */ = {
			isa = PBXNativeTarget;
			buildConfigurationList = 5A0E54471DECA619003E2E42 /* Build configuration list for PBXNativeTarget "JSON" */;
			buildPhases = (
				5A0E542E1DECA619003E2E42 /* Sources */,
				5A0E542F1DECA619003E2E42 /* Frameworks */,
				5A0E54301DECA619003E2E42 /* Headers */,
				5A0E54311DECA619003E2E42 /* Resources */,
			);
			buildRules = (
			);
			dependencies = (
			);
			name = JSON;
			productName = JSON;
			productReference = 5A0E54331DECA619003E2E42 /* JSON.framework */;
			productType = "com.apple.product-type.framework";
		};
		5A0E543B1DECA619003E2E42 /* JSONTests */ = {
			isa = PBXNativeTarget;
			buildConfigurationList = 5A0E544A1DECA619003E2E42 /* Build configuration list for PBXNativeTarget "JSONTests" */;
			buildPhases = (
				5A0E54381DECA619003E2E42 /* Sources */,
				5A0E54391DECA619003E2E42 /* Frameworks */,
				5A0E543A1DECA619003E2E42 /* Resources */,
			);
			buildRules = (
			);
			dependencies = (
				5A0E543F1DECA619003E2E42 /* PBXTargetDependency */,
			);
			name = JSONTests;
			productName = JSONTests;
			productReference = 5A0E543C1DECA619003E2E42 /* JSONTests.xctest */;
			productType = "com.apple.product-type.bundle.unit-test";
		};
/* End PBXNativeTarget section */

/* Begin PBXProject section */
		5A0E542A1DECA619003E2E42 /* Project object */ = {
			isa = PBXProject;
			attributes = {
				LastSwiftUpdateCheck = 0810;
				LastUpgradeCheck = 0820;
				ORGANIZATIONNAME = "Hunter Knepshield";
				TargetAttributes = {
					5A0E54321DECA619003E2E42 = {
						CreatedOnToolsVersion = 8.1;
						LastSwiftMigration = 0810;
						ProvisioningStyle = Automatic;
					};
					5A0E543B1DECA619003E2E42 = {
						CreatedOnToolsVersion = 8.1;
						ProvisioningStyle = Automatic;
					};
				};
			};
			buildConfigurationList = 5A0E542D1DECA619003E2E42 /* Build configuration list for PBXProject "JSON" */;
			compatibilityVersion = "Xcode 3.2";
			developmentRegion = English;
			hasScannedForEncodings = 0;
			knownRegions = (
				en,
			);
			mainGroup = 5A0E54291DECA619003E2E42;
			productRefGroup = 5A0E54341DECA619003E2E42 /* Products */;
			projectDirPath = "";
			projectRoot = "";
			targets = (
				5A0E54321DECA619003E2E42 /* JSON */,
				5A0E543B1DECA619003E2E42 /* JSONTests */,
			);
		};
/* End PBXProject section */

/* Begin PBXResourcesBuildPhase section */
		5A0E54311DECA619003E2E42 /* Resources */ = {
			isa = PBXResourcesBuildPhase;
			buildActionMask = 2147483647;
			files = (
			);
			runOnlyForDeploymentPostprocessing = 0;
		};
		5A0E543A1DECA619003E2E42 /* Resources */ = {
			isa = PBXResourcesBuildPhase;
			buildActionMask = 2147483647;
			files = (
			);
			runOnlyForDeploymentPostprocessing = 0;
		};
/* End PBXResourcesBuildPhase section */

/* Begin PBXSourcesBuildPhase section */
		5A0E542E1DECA619003E2E42 /* Sources */ = {
			isa = PBXSourcesBuildPhase;
			buildActionMask = 2147483647;
			files = (
				5A0E54611DECCCD5003E2E42 /* JSON.swift in Sources */,
				5A6599711DF9037B008B8AB9 /* JSONDecodable.swift in Sources */,
				5A0E54501DECA679003E2E42 /* JSONTokenizer.swift in Sources */,
				5A0E545F1DECCC97003E2E42 /* JSONBuilder.swift in Sources */,
				5A6708B71DF9D981004AF9C0 /* ExistingTypeExtensions.swift in Sources */,
				5A65996F1DF90340008B8AB9 /* JSONEncodable.swift in Sources */,
			);
			runOnlyForDeploymentPostprocessing = 0;
		};
		5A0E54381DECA619003E2E42 /* Sources */ = {
			isa = PBXSourcesBuildPhase;
			buildActionMask = 2147483647;
			files = (
				5A0E54541DECAF0D003E2E42 /* NumberParsingTest.swift in Sources */,
				5A6599731DF90EC8008B8AB9 /* JSONDecodableTest.swift in Sources */,
				5A73A33A1DF9E27000F6B3A0 /* JSONEncodableTest.swift in Sources */,
				5A6599751DF9327A008B8AB9 /* ExpressibleByLiteralTest.swift in Sources */,
				5A0E54691DECF773003E2E42 /* CustomStringConvertibleTest.swift in Sources */,
				5A0E54631DECD513003E2E42 /* BuilderTest.swift in Sources */,
				5A73A33C1DFA049200F6B3A0 /* SequenceTest.swift in Sources */,
				5A0E54651DECDD98003E2E42 /* TokenizerTest.swift in Sources */,
			);
			runOnlyForDeploymentPostprocessing = 0;
		};
/* End PBXSourcesBuildPhase section */

/* Begin PBXTargetDependency section */
		5A0E543F1DECA619003E2E42 /* PBXTargetDependency */ = {
			isa = PBXTargetDependency;
			target = 5A0E54321DECA619003E2E42 /* JSON */;
			targetProxy = 5A0E543E1DECA619003E2E42 /* PBXContainerItemProxy */;
		};
/* End PBXTargetDependency section */

/* Begin XCBuildConfiguration section */
		5A0E54451DECA619003E2E42 /* Debug */ = {
			isa = XCBuildConfiguration;
			buildSettings = {
				ALWAYS_SEARCH_USER_PATHS = NO;
				CLANG_ANALYZER_NONNULL = YES;
				CLANG_CXX_LANGUAGE_STANDARD = "gnu++0x";
				CLANG_CXX_LIBRARY = "libc++";
				CLANG_ENABLE_MODULES = YES;
				CLANG_ENABLE_OBJC_ARC = YES;
				CLANG_WARN_BOOL_CONVERSION = YES;
				CLANG_WARN_CONSTANT_CONVERSION = YES;
				CLANG_WARN_DIRECT_OBJC_ISA_USAGE = YES_ERROR;
				CLANG_WARN_DOCUMENTATION_COMMENTS = YES;
				CLANG_WARN_EMPTY_BODY = YES;
				CLANG_WARN_ENUM_CONVERSION = YES;
				CLANG_WARN_INFINITE_RECURSION = YES;
				CLANG_WARN_INT_CONVERSION = YES;
				CLANG_WARN_OBJC_ROOT_CLASS = YES_ERROR;
				CLANG_WARN_SUSPICIOUS_MOVE = YES;
				CLANG_WARN_SUSPICIOUS_MOVES = YES;
				CLANG_WARN_UNREACHABLE_CODE = YES;
				CLANG_WARN__DUPLICATE_METHOD_MATCH = YES;
				CODE_SIGN_IDENTITY = "-";
				COPY_PHASE_STRIP = NO;
				CURRENT_PROJECT_VERSION = 1;
				DEBUG_INFORMATION_FORMAT = dwarf;
				ENABLE_STRICT_OBJC_MSGSEND = YES;
				ENABLE_TESTABILITY = YES;
				GCC_C_LANGUAGE_STANDARD = gnu99;
				GCC_DYNAMIC_NO_PIC = NO;
				GCC_NO_COMMON_BLOCKS = YES;
				GCC_OPTIMIZATION_LEVEL = 0;
				GCC_PREPROCESSOR_DEFINITIONS = (
					"DEBUG=1",
					"$(inherited)",
				);
				GCC_WARN_64_TO_32_BIT_CONVERSION = YES;
				GCC_WARN_ABOUT_RETURN_TYPE = YES_ERROR;
				GCC_WARN_UNDECLARED_SELECTOR = YES;
				GCC_WARN_UNINITIALIZED_AUTOS = YES_AGGRESSIVE;
				GCC_WARN_UNUSED_FUNCTION = YES;
				GCC_WARN_UNUSED_VARIABLE = YES;
				MACOSX_DEPLOYMENT_TARGET = 10.12;
				MTL_ENABLE_DEBUG_INFO = YES;
				ONLY_ACTIVE_ARCH = YES;
				SDKROOT = macosx;
				SWIFT_ACTIVE_COMPILATION_CONDITIONS = DEBUG;
				SWIFT_OPTIMIZATION_LEVEL = "-Onone";
				VERSIONING_SYSTEM = "apple-generic";
				VERSION_INFO_PREFIX = "";
			};
			name = Debug;
		};
		5A0E54461DECA619003E2E42 /* Release */ = {
			isa = XCBuildConfiguration;
			buildSettings = {
				ALWAYS_SEARCH_USER_PATHS = NO;
				CLANG_ANALYZER_NONNULL = YES;
				CLANG_CXX_LANGUAGE_STANDARD = "gnu++0x";
				CLANG_CXX_LIBRARY = "libc++";
				CLANG_ENABLE_MODULES = YES;
				CLANG_ENABLE_OBJC_ARC = YES;
				CLANG_WARN_BOOL_CONVERSION = YES;
				CLANG_WARN_CONSTANT_CONVERSION = YES;
				CLANG_WARN_DIRECT_OBJC_ISA_USAGE = YES_ERROR;
				CLANG_WARN_DOCUMENTATION_COMMENTS = YES;
				CLANG_WARN_EMPTY_BODY = YES;
				CLANG_WARN_ENUM_CONVERSION = YES;
				CLANG_WARN_INFINITE_RECURSION = YES;
				CLANG_WARN_INT_CONVERSION = YES;
				CLANG_WARN_OBJC_ROOT_CLASS = YES_ERROR;
				CLANG_WARN_SUSPICIOUS_MOVE = YES;
				CLANG_WARN_SUSPICIOUS_MOVES = YES;
				CLANG_WARN_UNREACHABLE_CODE = YES;
				CLANG_WARN__DUPLICATE_METHOD_MATCH = YES;
				CODE_SIGN_IDENTITY = "-";
				COPY_PHASE_STRIP = NO;
				CURRENT_PROJECT_VERSION = 1;
				DEBUG_INFORMATION_FORMAT = "dwarf-with-dsym";
				ENABLE_NS_ASSERTIONS = NO;
				ENABLE_STRICT_OBJC_MSGSEND = YES;
				GCC_C_LANGUAGE_STANDARD = gnu99;
				GCC_NO_COMMON_BLOCKS = YES;
				GCC_WARN_64_TO_32_BIT_CONVERSION = YES;
				GCC_WARN_ABOUT_RETURN_TYPE = YES_ERROR;
				GCC_WARN_UNDECLARED_SELECTOR = YES;
				GCC_WARN_UNINITIALIZED_AUTOS = YES_AGGRESSIVE;
				GCC_WARN_UNUSED_FUNCTION = YES;
				GCC_WARN_UNUSED_VARIABLE = YES;
				MACOSX_DEPLOYMENT_TARGET = 10.12;
				MTL_ENABLE_DEBUG_INFO = NO;
				SDKROOT = macosx;
				SWIFT_OPTIMIZATION_LEVEL = "-Owholemodule";
				VERSIONING_SYSTEM = "apple-generic";
				VERSION_INFO_PREFIX = "";
			};
			name = Release;
		};
		5A0E54481DECA619003E2E42 /* Debug */ = {
			isa = XCBuildConfiguration;
			buildSettings = {
				CLANG_ENABLE_MODULES = YES;
				CODE_SIGN_IDENTITY = "";
				COMBINE_HIDPI_IMAGES = YES;
				DEFINES_MODULE = YES;
				DYLIB_COMPATIBILITY_VERSION = 1;
				DYLIB_CURRENT_VERSION = 1;
				DYLIB_INSTALL_NAME_BASE = "@rpath";
				FRAMEWORK_VERSION = A;
				INFOPLIST_FILE = JSON/Info.plist;
				INSTALL_PATH = "$(LOCAL_LIBRARY_DIR)/Frameworks";
				LD_RUNPATH_SEARCH_PATHS = "$(inherited) @executable_path/../Frameworks @loader_path/Frameworks";
				PRODUCT_BUNDLE_IDENTIFIER = com.hunterknepshield.JSON;
				PRODUCT_NAME = "$(TARGET_NAME)";
				SKIP_INSTALL = YES;
				SWIFT_OPTIMIZATION_LEVEL = "-Onone";
				SWIFT_VERSION = 3.0;
			};
			name = Debug;
		};
		5A0E54491DECA619003E2E42 /* Release */ = {
			isa = XCBuildConfiguration;
			buildSettings = {
				CLANG_ENABLE_MODULES = YES;
				CODE_SIGN_IDENTITY = "";
				COMBINE_HIDPI_IMAGES = YES;
				DEFINES_MODULE = YES;
				DYLIB_COMPATIBILITY_VERSION = 1;
				DYLIB_CURRENT_VERSION = 1;
				DYLIB_INSTALL_NAME_BASE = "@rpath";
				FRAMEWORK_VERSION = A;
				INFOPLIST_FILE = JSON/Info.plist;
				INSTALL_PATH = "$(LOCAL_LIBRARY_DIR)/Frameworks";
				LD_RUNPATH_SEARCH_PATHS = "$(inherited) @executable_path/../Frameworks @loader_path/Frameworks";
				PRODUCT_BUNDLE_IDENTIFIER = com.hunterknepshield.JSON;
				PRODUCT_NAME = "$(TARGET_NAME)";
				SKIP_INSTALL = YES;
				SWIFT_VERSION = 3.0;
			};
			name = Release;
		};
		5A0E544B1DECA619003E2E42 /* Debug */ = {
			isa = XCBuildConfiguration;
			buildSettings = {
				ALWAYS_EMBED_SWIFT_STANDARD_LIBRARIES = YES;
				COMBINE_HIDPI_IMAGES = YES;
				INFOPLIST_FILE = JSONTests/Info.plist;
				LD_RUNPATH_SEARCH_PATHS = "$(inherited) @executable_path/../Frameworks @loader_path/../Frameworks";
				PRODUCT_BUNDLE_IDENTIFIER = com.hunterknepshield.JSONTests;
				PRODUCT_NAME = "$(TARGET_NAME)";
				SWIFT_VERSION = 3.0;
			};
			name = Debug;
		};
		5A0E544C1DECA619003E2E42 /* Release */ = {
			isa = XCBuildConfiguration;
			buildSettings = {
				ALWAYS_EMBED_SWIFT_STANDARD_LIBRARIES = YES;
				COMBINE_HIDPI_IMAGES = YES;
				INFOPLIST_FILE = JSONTests/Info.plist;
				LD_RUNPATH_SEARCH_PATHS = "$(inherited) @executable_path/../Frameworks @loader_path/../Frameworks";
				PRODUCT_BUNDLE_IDENTIFIER = com.hunterknepshield.JSONTests;
				PRODUCT_NAME = "$(TARGET_NAME)";
				SWIFT_VERSION = 3.0;
			};
			name = Release;
		};
/* End XCBuildConfiguration section */

/* Begin XCConfigurationList section */
		5A0E542D1DECA619003E2E42 /* Build configuration list for PBXProject "JSON" */ = {
			isa = XCConfigurationList;
			buildConfigurations = (
				5A0E54451DECA619003E2E42 /* Debug */,
				5A0E54461DECA619003E2E42 /* Release */,
			);
			defaultConfigurationIsVisible = 0;
			defaultConfigurationName = Release;
		};
		5A0E54471DECA619003E2E42 /* Build configuration list for PBXNativeTarget "JSON" */ = {
			isa = XCConfigurationList;
			buildConfigurations = (
				5A0E54481DECA619003E2E42 /* Debug */,
				5A0E54491DECA619003E2E42 /* Release */,
			);
			defaultConfigurationIsVisible = 0;
			defaultConfigurationName = Release;
		};
		5A0E544A1DECA619003E2E42 /* Build configuration list for PBXNativeTarget "JSONTests" */ = {
			isa = XCConfigurationList;
			buildConfigurations = (
				5A0E544B1DECA619003E2E42 /* Debug */,
				5A0E544C1DECA619003E2E42 /* Release */,
			);
			defaultConfigurationIsVisible = 0;
			defaultConfigurationName = Release;
		};
/* End XCConfigurationList section */
	};
	rootObject = 5A0E542A1DECA619003E2E42 /* Project object */;
}
